
Microsoft Visual Studio Solution File, Format Version 12.00
# Visual Studio Version 17
VisualStudioVersion = 17.0.31903.59
MinimumVisualStudioVersion = 10.0.40219.1
Project("{888888A0-9F3D-457C-B088-3A5042F75D52}") = "shift", "shift.pyproj", "{C9DEA5B4-ACB5-44DF-A5B2-4C885E110F27}"
EndProject
Global
	GlobalSection(SolutionConfigurationPlatforms) = preSolution
		Debug|Any CPU = Debug|Any CPU
		Release|Any CPU = Release|Any CPU
	EndGlobalSection
	GlobalSection(ProjectConfigurationPlatforms) = postSolution
		{C9DEA5B4-ACB5-44DF-A5B2-4C885E110F27}.Debug|Any CPU.ActiveCfg = Debug|Any CPU
		{C9DEA5B4-ACB5-44DF-A5B2-4C885E110F27}.Debug|Any CPU.Build.0 = Debug|Any CPU
		{C9DEA5B4-ACB5-44DF-A5B2-4C885E110F27}.Release|Any CPU.ActiveCfg = Release|Any CPU
		{C9DEA5B4-ACB5-44DF-A5B2-4C885E110F27}.Release|Any CPU.Build.0 = Release|Any CPU
	EndGlobalSection
	GlobalSection(SolutionProperties) = preSolution
		HideSolutionNode = FALSE
	EndGlobalSection
	GlobalSection(ExtensibilityGlobals) = postSolution
		SolutionGuid = {454B91F0-3D95-4DE8-941B-50ACF5299836}
	EndGlobalSection
EndGlobal
